<?xml version="1.0" encoding="utf-8"?>
<Project ToolsVersion="4.0" xmlns="http://schemas.microsoft.com/developer/msbuild/2003">
  <ItemGroup>
    <Filter Include="Source Files">
      <UniqueIdentifier>{4FC737F1-C7A5-4376-A066-2A32D752A2FF}</UniqueIdentifier>
      <Extensions>cpp;c;cc;cxx;def;odl;idl;hpj;bat;asm;asmx</Extensions>
    </Filter>
    <Filter Include="Header Files">
      <UniqueIdentifier>{93995380-89BD-4b04-88EB-625FBE52EBFB}</UniqueIdentifier>
      <Extensions>h;hh;hpp;hxx;hm;inl;inc;ipp;xsd</Extensions>
    </Filter>
    <Filter Include="Resource Files">
      <UniqueIdentifier>{67DA6AB6-F800-4c08-8B7A-83BB121AAD01}</UniqueIdentifier>
      <Extensions>rc;ico;cur;bmp;dlg;rc2;rct;bin;rgs;gif;jpg;jpeg;jpe;resx;tiff;tif;png;wav;mfcribbon-ms</Extensions>
    </Filter>
  </ItemGroup>
  <ItemGroup>
    <ClCompile Include="main.cpp">
      <Filter>Source Files</Filter>
    </ClCompile>
    <ClCompile Include="Code\Engine.cpp">
      <Filter>Source Files</Filter>
    </ClCompile>
    <ClCompile Include="Code\GameObject.cpp">
      <Filter>Source Files</Filter>
    </ClCompile>
    <ClCompile Include="Code\GameWorld.cpp">
      <Filter>Source Files</Filter>
    </ClCompile>
    <ClCompile Include="Code\Player.cpp">
      <Filter>Source Files</Filter>
    </ClCompile>
    <ClCompile Include="Code\Bullet.cpp">
      <Filter>Source Files</Filter>
    </ClCompile>
    <ClCompile Include="Code\Enemy.cpp">
      <Filter>Source Files</Filter>
    </ClCompile>
    <ClCompile Include="Code\BezierPath.cpp">
      <Filter>Source Files</Filter>
    </ClCompile>
    <ClCompile Include="Code\SpecialBullet.cpp">
      <Filter>Source Files</Filter>
    </ClCompile>
    <ClCompile Include="Code\Borders.cpp">
      <Filter>Source Files</Filter>
    </ClCompile>
    <ClCompile Include="Code\UI\UIManager.cpp">
      <Filter>Source Files</Filter>
    </ClCompile>
    <ClCompile Include="Code\GameManager.cpp">
      <Filter>Source Files</Filter>
    </ClCompile>
    <ClCompile Include="Code\Background.cpp">
      <Filter>Source Files</Filter>
    </ClCompile>
    <ClCompile Include="Code\SpawnManager.cpp">
      <Filter>Source Files</Filter>
    </ClCompile>
    <ClCompile Include="Code\Time.cpp">
      <Filter>Source Files</Filter>
    </ClCompile>
  </ItemGroup>
  <ItemGroup>
    <ClInclude Include="Code\Engine.h">
      <Filter>Header Files</Filter>
    </ClInclude>
    <ClInclude Include="Code\GameObject.h">
      <Filter>Header Files</Filter>
    </ClInclude>
    <ClInclude Include="Code\GameWorld.h">
      <Filter>Header Files</Filter>
    </ClInclude>
    <ClInclude Include="Code\Player.h">
      <Filter>Header Files</Filter>
    </ClInclude>
    <ClInclude Include="Code\Key.h">
      <Filter>Header Files</Filter>
    </ClInclude>
    <ClInclude Include="Code\Bullet.h">
      <Filter>Header Files</Filter>
    </ClInclude>
    <ClInclude Include="Code\Enemy.h">
      <Filter>Header Files</Filter>
    </ClInclude>
    <ClInclude Include="Code\Type.h">
      <Filter>Header Files</Filter>
    </ClInclude>
    <ClInclude Include="Code\Collision.h">
      <Filter>Header Files</Filter>
    </ClInclude>
    <ClInclude Include="Code\MathHelper.h">
      <Filter>Header Files</Filter>
    </ClInclude>
    <ClInclude Include="Code\BezierPath.h">
      <Filter>Header Files</Filter>
    </ClInclude>
    <ClInclude Include="Code\Vector.h">
      <Filter>Header Files</Filter>
    </ClInclude>
    <ClInclude Include="Code\SpecialBullet.h">
      <Filter>Header Files</Filter>
    </ClInclude>
    <ClInclude Include="Code\Borders.h">
      <Filter>Header Files</Filter>
    </ClInclude>
    <ClInclude Include="Code\UI\UIManager.h">
      <Filter>Header Files</Filter>
    </ClInclude>
    <ClInclude Include="Code\GameManager.h">
      <Filter>Header Files</Filter>
    </ClInclude>
    <ClInclude Include="Code\Background.h">
      <Filter>Header Files</Filter>
    </ClInclude>
    <ClInclude Include="Code\SpawnManager.h">
      <Filter>Header Files</Filter>
    </ClInclude>
    <ClInclude Include="Code\Time.h">
      <Filter>Header Files</Filter>
    </ClInclude>
  </ItemGroup>
  <ItemGroup>
    <None Include="packages.config" />
    <None Include="Debug\vc142.idb" />
    <None Include="Debug\vc142.pdb" />
    <None Include="SDL2.dll" />
    <None Include="SDL2_image.dll" />
    <None Include="SDL2_ttf.dll" />
    <None Include="zlib1.dll" />
    <None Include="libpng16-16.dll" />
  </ItemGroup>
  <ItemGroup>
    <Object Include="Debug\Bullet.obj" />
    <Object Include="Debug\Enemy.obj" />
    <Object Include="Debug\Engine.obj" />
    <Object Include="Debug\GameObject.obj" />
    <Object Include="Debug\GameWorld.obj" />
    <Object Include="Debug\main.obj" />
    <Object Include="Debug\Player.obj" />
    <Object Include="Debug\BezierPath.obj" />
  </ItemGroup>
  <ItemGroup>
    <Text Include="Debug\TheAwesomeEngine.log" />
  </ItemGroup>
  <ItemGroup>
    <Font Include="Roboto.ttf" />
  </ItemGroup>
  <ItemGroup>
    <Image Include="Res\background.png">
      <Filter>Resource Files</Filter>
    </Image>
    <Image Include="Res\border.png">
      <Filter>Resource Files</Filter>
    </Image>
    <Image Include="Res\Bullet.png">
      <Filter>Resource Files</Filter>
    </Image>
    <Image Include="Res\FireBall (1).png">
      <Filter>Resource Files</Filter>
    </Image>
    <Image Include="Res\FireBall.png">
      <Filter>Resource Files</Filter>
    </Image>
    <Image Include="Res\heart.png">
      <Filter>Resource Files</Filter>
    </Image>
    <Image Include="Res\Ma_Man.png">
      <Filter>Resource Files</Filter>
    </Image>
    <Image Include="Res\Ma_Man_Enemy.png">
      <Filter>Resource Files</Filter>
    </Image>
    <Image Include="Res\FireBall_1.png">
      <Filter>Resource Files</Filter>
    </Image>
    <Image Include="Res\skyCloudsSeemless_v004.png">
      <Filter>Resource Files</Filter>
    </Image>
    <Image Include="Res\skyCloudsSeemless_v003.png">
      <Filter>Resource Files</Filter>
    </Image>
  </ItemGroup>
</Project>